
Microsoft Visual Studio Solution File, Format Version 12.00
# Visual Studio Version 17
VisualStudioVersion = 17.14.36202.13 d17.14
MinimumVisualStudioVersion = 10.0.40219.1
Project("{FAE04EC0-301F-11D3-BF4B-00C04F79EFBC}") = "ProductWareHouse", "ProductWareHouse\ProductWareHouse.csproj", "{5BB14841-CA44-41DE-A0C0-BC341613AA67}"
EndProject
Global
	GlobalSection(SolutionConfigurationPlatforms) = preSolution
		Debug|Any CPU = Debug|Any CPU
		Release|Any CPU = Release|Any CPU
	EndGlobalSection
	GlobalSection(ProjectConfigurationPlatforms) = postSolution
		{5BB14841-CA44-41DE-A0C0-BC341613AA67}.Debug|Any CPU.ActiveCfg = Debug|Any CPU
		{5BB14841-CA44-41DE-A0C0-BC341613AA67}.Debug|Any CPU.Build.0 = Debug|Any CPU
		{5BB14841-CA44-41DE-A0C0-BC341613AA67}.Release|Any CPU.ActiveCfg = Release|Any CPU
		{5BB14841-CA44-41DE-A0C0-BC341613AA67}.Release|Any CPU.Build.0 = Release|Any CPU
	EndGlobalSection
	GlobalSection(SolutionProperties) = preSolution
		HideSolutionNode = FALSE
	EndGlobalSection
	GlobalSection(ExtensibilityGlobals) = postSolution
		SolutionGuid = {C736B3C7-6FF2-4AEC-9791-61C197FEE9EA}
	EndGlobalSection
EndGlobal
